// !$*UTF8*$!
{
	archiveVersion = 1;
	classes = {
	};
	objectVersion = 56;
	objects = {

/* Begin PBXBuildFile section */
		641CC84C2BFBBEF600022EC5 /* ColorScheme.swift in Sources */ = {isa = PBXBuildFile; fileRef = 641CC84B2BFBBEF600022EC5 /* ColorScheme.swift */; };
		641CC84E2BFBC96D00022EC5 /* SectionView.swift in Sources */ = {isa = PBXBuildFile; fileRef = 641CC84D2BFBC96D00022EC5 /* SectionView.swift */; };
		641CC8502BFBCB4500022EC5 /* Section.swift in Sources */ = {isa = PBXBuildFile; fileRef = 641CC84F2BFBCB4500022EC5 /* Section.swift */; };
		641CC8522BFBFE4200022EC5 /* SettingsView.swift in Sources */ = {isa = PBXBuildFile; fileRef = 641CC8512BFBFE4200022EC5 /* SettingsView.swift */; };
		641CC8542BFC26E300022EC5 /* NotchChecker.swift in Sources */ = {isa = PBXBuildFile; fileRef = 641CC8532BFC26E300022EC5 /* NotchChecker.swift */; };
		64371D3F2B9623B600B8E2B1 /* ListVIew.swift in Sources */ = {isa = PBXBuildFile; fileRef = 64371D3E2B9623B600B8E2B1 /* ListVIew.swift */; };
		64371D452B963F9F00B8E2B1 /* ContentView.swift in Sources */ = {isa = PBXBuildFile; fileRef = 64371D442B963F9F00B8E2B1 /* ContentView.swift */; };
		648D3F642B7D17B4000A0892 /* RoutineAppApp.swift in Sources */ = {isa = PBXBuildFile; fileRef = 648D3F632B7D17B4000A0892 /* RoutineAppApp.swift */; };
		648D3F682B7D17B6000A0892 /* Assets.xcassets in Resources */ = {isa = PBXBuildFile; fileRef = 648D3F672B7D17B6000A0892 /* Assets.xcassets */; };
		648D3F6B2B7D17B6000A0892 /* Preview Assets.xcassets in Resources */ = {isa = PBXBuildFile; fileRef = 648D3F6A2B7D17B6000A0892 /* Preview Assets.xcassets */; };
		64A7A59F2BFC2AFC00914C20 /* NoteView.swift in Sources */ = {isa = PBXBuildFile; fileRef = 64A7A59E2BFC2AFC00914C20 /* NoteView.swift */; };
		64A7A5A12BFED67100914C20 /* ProgressBarView.swift in Sources */ = {isa = PBXBuildFile; fileRef = 64A7A5A02BFED67100914C20 /* ProgressBarView.swift */; };
/* End PBXBuildFile section */

/* Begin PBXFileReference section */
		641CC84B2BFBBEF600022EC5 /* ColorScheme.swift */ = {isa = PBXFileReference; lastKnownFileType = sourcecode.swift; path = ColorScheme.swift; sourceTree = "<group>"; };
		641CC84D2BFBC96D00022EC5 /* SectionView.swift */ = {isa = PBXFileReference; lastKnownFileType = sourcecode.swift; path = SectionView.swift; sourceTree = "<group>"; };
		641CC84F2BFBCB4500022EC5 /* Section.swift */ = {isa = PBXFileReference; lastKnownFileType = sourcecode.swift; path = Section.swift; sourceTree = "<group>"; };
		641CC8512BFBFE4200022EC5 /* SettingsView.swift */ = {isa = PBXFileReference; lastKnownFileType = sourcecode.swift; path = SettingsView.swift; sourceTree = "<group>"; };
		641CC8532BFC26E300022EC5 /* NotchChecker.swift */ = {isa = PBXFileReference; lastKnownFileType = sourcecode.swift; path = NotchChecker.swift; sourceTree = "<group>"; };
		64371D3E2B9623B600B8E2B1 /* ListVIew.swift */ = {isa = PBXFileReference; lastKnownFileType = sourcecode.swift; path = ListVIew.swift; sourceTree = "<group>"; };
		64371D442B963F9F00B8E2B1 /* ContentView.swift */ = {isa = PBXFileReference; lastKnownFileType = sourcecode.swift; path = ContentView.swift; sourceTree = "<group>"; };
		648D3F602B7D17B4000A0892 /* RoutineApp.app */ = {isa = PBXFileReference; explicitFileType = wrapper.application; includeInIndex = 0; path = RoutineApp.app; sourceTree = BUILT_PRODUCTS_DIR; };
		648D3F632B7D17B4000A0892 /* RoutineAppApp.swift */ = {isa = PBXFileReference; lastKnownFileType = sourcecode.swift; path = RoutineAppApp.swift; sourceTree = "<group>"; };
		648D3F672B7D17B6000A0892 /* Assets.xcassets */ = {isa = PBXFileReference; lastKnownFileType = folder.assetcatalog; path = Assets.xcassets; sourceTree = "<group>"; };
		648D3F6A2B7D17B6000A0892 /* Preview Assets.xcassets */ = {isa = PBXFileReference; lastKnownFileType = folder.assetcatalog; path = "Preview Assets.xcassets"; sourceTree = "<group>"; };
		64A7A59E2BFC2AFC00914C20 /* NoteView.swift */ = {isa = PBXFileReference; lastKnownFileType = sourcecode.swift; path = NoteView.swift; sourceTree = "<group>"; };
		64A7A5A02BFED67100914C20 /* ProgressBarView.swift */ = {isa = PBXFileReference; lastKnownFileType = sourcecode.swift; path = ProgressBarView.swift; sourceTree = "<group>"; };
/* End PBXFileReference section */

/* Begin PBXFrameworksBuildPhase section */
		648D3F5D2B7D17B4000A0892 /* Frameworks */ = {
			isa = PBXFrameworksBuildPhase;
			buildActionMask = 2147483647;
			files = (
			);
			runOnlyForDeploymentPostprocessing = 0;
		};
/* End PBXFrameworksBuildPhase section */

/* Begin PBXGroup section */
		641E151F2BFBBEC1008EEA7E /* Model */ = {
			isa = PBXGroup;
			children = (
				641CC84B2BFBBEF600022EC5 /* ColorScheme.swift */,
				641CC84F2BFBCB4500022EC5 /* Section.swift */,
				641CC8532BFC26E300022EC5 /* NotchChecker.swift */,
			);
			path = Model;
			sourceTree = "<group>";
		};
		648D3F572B7D17B4000A0892 = {
			isa = PBXGroup;
			children = (
				648D3F622B7D17B4000A0892 /* RoutineApp */,
				648D3F612B7D17B4000A0892 /* Products */,
			);
			sourceTree = "<group>";
		};
		648D3F612B7D17B4000A0892 /* Products */ = {
			isa = PBXGroup;
			children = (
				648D3F602B7D17B4000A0892 /* RoutineApp.app */,
			);
			name = Products;
			sourceTree = "<group>";
		};
		648D3F622B7D17B4000A0892 /* RoutineApp */ = {
			isa = PBXGroup;
			children = (
				648D3F632B7D17B4000A0892 /* RoutineAppApp.swift */,
				648D3F712B7D41A8000A0892 /* View */,
				641E151F2BFBBEC1008EEA7E /* Model */,
				648D3F672B7D17B6000A0892 /* Assets.xcassets */,
				648D3F692B7D17B6000A0892 /* Preview Content */,
			);
			path = RoutineApp;
			sourceTree = "<group>";
		};
		648D3F692B7D17B6000A0892 /* Preview Content */ = {
			isa = PBXGroup;
			children = (
				648D3F6A2B7D17B6000A0892 /* Preview Assets.xcassets */,
			);
			path = "Preview Content";
			sourceTree = "<group>";
		};
		648D3F712B7D41A8000A0892 /* View */ = {
			isa = PBXGroup;
			children = (
				64371D442B963F9F00B8E2B1 /* ContentView.swift */,
				64371D3E2B9623B600B8E2B1 /* ListVIew.swift */,
				64A7A5A02BFED67100914C20 /* ProgressBarView.swift */,
				641CC84D2BFBC96D00022EC5 /* SectionView.swift */,
				641CC8512BFBFE4200022EC5 /* SettingsView.swift */,
				64A7A59E2BFC2AFC00914C20 /* NoteView.swift */,
			);
			path = View;
			sourceTree = "<group>";
		};
/* End PBXGroup section */

/* Begin PBXNativeTarget section */
		648D3F5F2B7D17B4000A0892 /* RoutineApp */ = {
			isa = PBXNativeTarget;
			buildConfigurationList = 648D3F6E2B7D17B6000A0892 /* Build configuration list for PBXNativeTarget "RoutineApp" */;
			buildPhases = (
				648D3F5C2B7D17B4000A0892 /* Sources */,
				648D3F5D2B7D17B4000A0892 /* Frameworks */,
				648D3F5E2B7D17B4000A0892 /* Resources */,
			);
			buildRules = (
			);
			dependencies = (
			);
			name = RoutineApp;
			productName = RoutineApp;
			productReference = 648D3F602B7D17B4000A0892 /* RoutineApp.app */;
			productType = "com.apple.product-type.application";
		};
/* End PBXNativeTarget section */

/* Begin PBXProject section */
		648D3F582B7D17B4000A0892 /* Project object */ = {
			isa = PBXProject;
			attributes = {
				BuildIndependentTargetsInParallel = 1;
				LastSwiftUpdateCheck = 1520;
				LastUpgradeCheck = 1520;
				TargetAttributes = {
					648D3F5F2B7D17B4000A0892 = {
						CreatedOnToolsVersion = 15.2;
					};
				};
			};
			buildConfigurationList = 648D3F5B2B7D17B4000A0892 /* Build configuration list for PBXProject "RoutineApp" */;
			compatibilityVersion = "Xcode 14.0";
			developmentRegion = en;
			hasScannedForEncodings = 0;
			knownRegions = (
				en,
				Base,
			);
			mainGroup = 648D3F572B7D17B4000A0892;
			productRefGroup = 648D3F612B7D17B4000A0892 /* Products */;
			projectDirPath = "";
			projectRoot = "";
			targets = (
				648D3F5F2B7D17B4000A0892 /* RoutineApp */,
			);
		};
/* End PBXProject section */

/* Begin PBXResourcesBuildPhase section */
		648D3F5E2B7D17B4000A0892 /* Resources */ = {
			isa = PBXResourcesBuildPhase;
			buildActionMask = 2147483647;
			files = (
				648D3F6B2B7D17B6000A0892 /* Preview Assets.xcassets in Resources */,
				648D3F682B7D17B6000A0892 /* Assets.xcassets in Resources */,
			);
			runOnlyForDeploymentPostprocessing = 0;
		};
/* End PBXResourcesBuildPhase section */

/* Begin PBXSourcesBuildPhase section */
		648D3F5C2B7D17B4000A0892 /* Sources */ = {
			isa = PBXSourcesBuildPhase;
			buildActionMask = 2147483647;
			files = (
				641CC8522BFBFE4200022EC5 /* SettingsView.swift in Sources */,
				641CC84C2BFBBEF600022EC5 /* ColorScheme.swift in Sources */,
				641CC84E2BFBC96D00022EC5 /* SectionView.swift in Sources */,
				64371D452B963F9F00B8E2B1 /* ContentView.swift in Sources */,
				641CC8502BFBCB4500022EC5 /* Section.swift in Sources */,
				648D3F642B7D17B4000A0892 /* RoutineAppApp.swift in Sources */,
				641CC8542BFC26E300022EC5 /* NotchChecker.swift in Sources */,
				64371D3F2B9623B600B8E2B1 /* ListVIew.swift in Sources */,
				64A7A59F2BFC2AFC00914C20 /* NoteView.swift in Sources */,
				64A7A5A12BFED67100914C20 /* ProgressBarView.swift in Sources */,
			);
			runOnlyForDeploymentPostprocessing = 0;
		};
/* End PBXSourcesBuildPhase section */

/* Begin XCBuildConfiguration section */
		648D3F6C2B7D17B6000A0892 /* Debug */ = {
			isa = XCBuildConfiguration;
			buildSettings = {
				ALWAYS_SEARCH_USER_PATHS = NO;
				ASSETCATALOG_COMPILER_GENERATE_SWIFT_ASSET_SYMBOL_EXTENSIONS = YES;
				CLANG_ANALYZER_NONNULL = YES;
				CLANG_ANALYZER_NUMBER_OBJECT_CONVERSION = YES_AGGRESSIVE;
				CLANG_CXX_LANGUAGE_STANDARD = "gnu++20";
				CLANG_ENABLE_MODULES = YES;
				CLANG_ENABLE_OBJC_ARC = YES;
				CLANG_ENABLE_OBJC_WEAK = YES;
				CLANG_WARN_BLOCK_CAPTURE_AUTORELEASING = YES;
				CLANG_WARN_BOOL_CONVERSION = YES;
				CLANG_WARN_COMMA = YES;
				CLANG_WARN_CONSTANT_CONVERSION = YES;
				CLANG_WARN_DEPRECATED_OBJC_IMPLEMENTATIONS = YES;
				CLANG_WARN_DIRECT_OBJC_ISA_USAGE = YES_ERROR;
				CLANG_WARN_DOCUMENTATION_COMMENTS = YES;
				CLANG_WARN_EMPTY_BODY = YES;
				CLANG_WARN_ENUM_CONVERSION = YES;
				CLANG_WARN_INFINITE_RECURSION = YES;
				CLANG_WARN_INT_CONVERSION = YES;
				CLANG_WARN_NON_LITERAL_NULL_CONVERSION = YES;
				CLANG_WARN_OBJC_IMPLICIT_RETAIN_SELF = YES;
				CLANG_WARN_OBJC_LITERAL_CONVERSION = YES;
				CLANG_WARN_OBJC_ROOT_CLASS = YES_ERROR;
				CLANG_WARN_QUOTED_INCLUDE_IN_FRAMEWORK_HEADER = YES;
				CLANG_WARN_RANGE_LOOP_ANALYSIS = YES;
				CLANG_WARN_STRICT_PROTOTYPES = YES;
				CLANG_WARN_SUSPICIOUS_MOVE = YES;
				CLANG_WARN_UNGUARDED_AVAILABILITY = YES_AGGRESSIVE;
				CLANG_WARN_UNREACHABLE_CODE = YES;
				CLANG_WARN__DUPLICATE_METHOD_MATCH = YES;
				COPY_PHASE_STRIP = NO;
				DEBUG_INFORMATION_FORMAT = dwarf;
				ENABLE_STRICT_OBJC_MSGSEND = YES;
				ENABLE_TESTABILITY = YES;
				ENABLE_USER_SCRIPT_SANDBOXING = YES;
				GCC_C_LANGUAGE_STANDARD = gnu17;
				GCC_DYNAMIC_NO_PIC = NO;
				GCC_NO_COMMON_BLOCKS = YES;
				GCC_OPTIMIZATION_LEVEL = 0;
				GCC_PREPROCESSOR_DEFINITIONS = (
					"DEBUG=1",
					"$(inherited)",
				);
				GCC_WARN_64_TO_32_BIT_CONVERSION = YES;
				GCC_WARN_ABOUT_RETURN_TYPE = YES_ERROR;
				GCC_WARN_UNDECLARED_SELECTOR = YES;
				GCC_WARN_UNINITIALIZED_AUTOS = YES_AGGRESSIVE;
				GCC_WARN_UNUSED_FUNCTION = YES;
				GCC_WARN_UNUSED_VARIABLE = YES;
				IPHONEOS_DEPLOYMENT_TARGET = 17.2;
				LOCALIZATION_PREFERS_STRING_CATALOGS = YES;
				MTL_ENABLE_DEBUG_INFO = INCLUDE_SOURCE;
				MTL_FAST_MATH = YES;
				ONLY_ACTIVE_ARCH = YES;
				SDKROOT = iphoneos;
				SWIFT_ACTIVE_COMPILATION_CONDITIONS = "DEBUG $(inherited)";
				SWIFT_OPTIMIZATION_LEVEL = "-Onone";
			};
			name = Debug;
		};
		648D3F6D2B7D17B6000A0892 /* Release */ = {
			isa = XCBuildConfiguration;
			buildSettings = {
				ALWAYS_SEARCH_USER_PATHS = NO;
				ASSETCATALOG_COMPILER_GENERATE_SWIFT_ASSET_SYMBOL_EXTENSIONS = YES;
				CLANG_ANALYZER_NONNULL = YES;
				CLANG_ANALYZER_NUMBER_OBJECT_CONVERSION = YES_AGGRESSIVE;
				CLANG_CXX_LANGUAGE_STANDARD = "gnu++20";
				CLANG_ENABLE_MODULES = YES;
				CLANG_ENABLE_OBJC_ARC = YES;
				CLANG_ENABLE_OBJC_WEAK = YES;
				CLANG_WARN_BLOCK_CAPTURE_AUTORELEASING = YES;
				CLANG_WARN_BOOL_CONVERSION = YES;
				CLANG_WARN_COMMA = YES;
				CLANG_WARN_CONSTANT_CONVERSION = YES;
				CLANG_WARN_DEPRECATED_OBJC_IMPLEMENTATIONS = YES;
				CLANG_WARN_DIRECT_OBJC_ISA_USAGE = YES_ERROR;
				CLANG_WARN_DOCUMENTATION_COMMENTS = YES;
				CLANG_WARN_EMPTY_BODY = YES;
				CLANG_WARN_ENUM_CONVERSION = YES;
				CLANG_WARN_INFINITE_RECURSION = YES;
				CLANG_WARN_INT_CONVERSION = YES;
				CLANG_WARN_NON_LITERAL_NULL_CONVERSION = YES;
				CLANG_WARN_OBJC_IMPLICIT_RETAIN_SELF = YES;
				CLANG_WARN_OBJC_LITERAL_CONVERSION = YES;
				CLANG_WARN_OBJC_ROOT_CLASS = YES_ERROR;
				CLANG_WARN_QUOTED_INCLUDE_IN_FRAMEWORK_HEADER = YES;
				CLANG_WARN_RANGE_LOOP_ANALYSIS = YES;
				CLANG_WARN_STRICT_PROTOTYPES = YES;
				CLANG_WARN_SUSPICIOUS_MOVE = YES;
				CLANG_WARN_UNGUARDED_AVAILABILITY = YES_AGGRESSIVE;
				CLANG_WARN_UNREACHABLE_CODE = YES;
				CLANG_WARN__DUPLICATE_METHOD_MATCH = YES;
				COPY_PHASE_STRIP = NO;
				DEBUG_INFORMATION_FORMAT = "dwarf-with-dsym";
				ENABLE_NS_ASSERTIONS = NO;
				ENABLE_STRICT_OBJC_MSGSEND = YES;
				ENABLE_USER_SCRIPT_SANDBOXING = YES;
				GCC_C_LANGUAGE_STANDARD = gnu17;
				GCC_NO_COMMON_BLOCKS = YES;
				GCC_WARN_64_TO_32_BIT_CONVERSION = YES;
				GCC_WARN_ABOUT_RETURN_TYPE = YES_ERROR;
				GCC_WARN_UNDECLARED_SELECTOR = YES;
				GCC_WARN_UNINITIALIZED_AUTOS = YES_AGGRESSIVE;
				GCC_WARN_UNUSED_FUNCTION = YES;
				GCC_WARN_UNUSED_VARIABLE = YES;
				IPHONEOS_DEPLOYMENT_TARGET = 17.2;
				LOCALIZATION_PREFERS_STRING_CATALOGS = YES;
				MTL_ENABLE_DEBUG_INFO = NO;
				MTL_FAST_MATH = YES;
				SDKROOT = iphoneos;
				SWIFT_COMPILATION_MODE = wholemodule;
				VALIDATE_PRODUCT = YES;
			};
			name = Release;
		};
		648D3F6F2B7D17B6000A0892 /* Debug */ = {
			isa = XCBuildConfiguration;
			buildSettings = {
				ASSETCATALOG_COMPILER_APPICON_NAME = AppIcon;
				ASSETCATALOG_COMPILER_GLOBAL_ACCENT_COLOR_NAME = AccentColor;
				CODE_SIGN_STYLE = Automatic;
				CURRENT_PROJECT_VERSION = 1;
				DEVELOPMENT_ASSET_PATHS = "\"RoutineApp/Preview Content\"";
				DEVELOPMENT_TEAM = 5R537FQZP7;
				ENABLE_PREVIEWS = YES;
				GENERATE_INFOPLIST_FILE = YES;
				INFOPLIST_KEY_CFBundleDisplayName = Routine;
				INFOPLIST_KEY_UIApplicationSceneManifest_Generation = YES;
				INFOPLIST_KEY_UIApplicationSupportsIndirectInputEvents = YES;
				INFOPLIST_KEY_UILaunchScreen_Generation = YES;
				INFOPLIST_KEY_UISupportedInterfaceOrientations_iPad = "UIInterfaceOrientationPortrait UIInterfaceOrientationPortraitUpsideDown UIInterfaceOrientationLandscapeLeft UIInterfaceOrientationLandscapeRight";
				INFOPLIST_KEY_UISupportedInterfaceOrientations_iPhone = "UIInterfaceOrientationPortrait UIInterfaceOrientationLandscapeLeft UIInterfaceOrientationLandscapeRight";
				LD_RUNPATH_SEARCH_PATHS = (
					"$(inherited)",
					"@executable_path/Frameworks",
				);
				MARKETING_VERSION = 1.0;
				PRODUCT_BUNDLE_IDENTIFIER = pkotenko.RoutineApp;
				PRODUCT_NAME = "$(TARGET_NAME)";
				SWIFT_EMIT_LOC_STRINGS = YES;
				SWIFT_VERSION = 5.0;
				TARGETED_DEVICE_FAMILY = "1,2";
			};
			name = Debug;
		};
		648D3F702B7D17B6000A0892 /* Release */ = {
			isa = XCBuildConfiguration;
			buildSettings = {
				ASSETCATALOG_COMPILER_APPICON_NAME = AppIcon;
				ASSETCATALOG_COMPILER_GLOBAL_ACCENT_COLOR_NAME = AccentColor;
				CODE_SIGN_STYLE = Automatic;
				CURRENT_PROJECT_VERSION = 1;
				DEVELOPMENT_ASSET_PATHS = "\"RoutineApp/Preview Content\"";
				DEVELOPMENT_TEAM = 5R537FQZP7;
				ENABLE_PREVIEWS = YES;
				GENERATE_INFOPLIST_FILE = YES;
				INFOPLIST_KEY_CFBundleDisplayName = Routine;
				INFOPLIST_KEY_UIApplicationSceneManifest_Generation = YES;
				INFOPLIST_KEY_UIApplicationSupportsIndirectInputEvents = YES;
				INFOPLIST_KEY_UILaunchScreen_Generation = YES;
				INFOPLIST_KEY_UISupportedInterfaceOrientations_iPad = "UIInterfaceOrientationPortrait UIInterfaceOrientationPortraitUpsideDown UIInterfaceOrientationLandscapeLeft UIInterfaceOrientationLandscapeRight";
				INFOPLIST_KEY_UISupportedInterfaceOrientations_iPhone = "UIInterfaceOrientationPortrait UIInterfaceOrientationLandscapeLeft UIInterfaceOrientationLandscapeRight";
				LD_RUNPATH_SEARCH_PATHS = (
					"$(inherited)",
					"@executable_path/Frameworks",
				);
				MARKETING_VERSION = 1.0;
				PRODUCT_BUNDLE_IDENTIFIER = pkotenko.RoutineApp;
				PRODUCT_NAME = "$(TARGET_NAME)";
				SWIFT_EMIT_LOC_STRINGS = YES;
				SWIFT_VERSION = 5.0;
				TARGETED_DEVICE_FAMILY = "1,2";
			};
			name = Release;
		};
/* End XCBuildConfiguration section */

/* Begin XCConfigurationList section */
		648D3F5B2B7D17B4000A0892 /* Build configuration list for PBXProject "RoutineApp" */ = {
			isa = XCConfigurationList;
			buildConfigurations = (
				648D3F6C2B7D17B6000A0892 /* Debug */,
				648D3F6D2B7D17B6000A0892 /* Release */,
			);
			defaultConfigurationIsVisible = 0;
			defaultConfigurationName = Release;
		};
		648D3F6E2B7D17B6000A0892 /* Build configuration list for PBXNativeTarget "RoutineApp" */ = {
			isa = XCConfigurationList;
			buildConfigurations = (
				648D3F6F2B7D17B6000A0892 /* Debug */,
				648D3F702B7D17B6000A0892 /* Release */,
			);
			defaultConfigurationIsVisible = 0;
			defaultConfigurationName = Release;
		};
/* End XCConfigurationList section */
	};
	rootObject = 648D3F582B7D17B4000A0892 /* Project object */;
}
